{
  "lockfileVersion": 1,
  "configVersion": 1,
  "workspaces": {
    "": {
      "name": "autowire",
      "dependencies": {
        "chalk": "^6.0.0",
        "commander": "^15.0.0",
        "linkedom": "^0.18.13",
        "smol-toml": "^1.8.0",
      },
      "devDependencies": {
        "@biomejs/biome": "^2.5.12",
        "@playwright/mcp": "^0.0.80",
        "@types/bun": "latest",
        "playwright": "^1.63.0",
      },
      "peerDependencies": {
        "typescript": "^5",
      },
    },
  },
  "packages": {
    "@biomejs/biome": ["@biomejs/biome@2.5.12", "https://registry.npmmirror.com/@biomejs/biome/-/biome-2.5.12.tgz", { "optionalDependencies": { "@biomejs/cli-darwin-arm64": "2.5.12", "@biomejs/cli-darwin-x64": "2.5.12", "@biomejs/cli-linux-arm64": "2.5.12", "@biomejs/cli-linux-arm64-musl": "2.5.12", "@biomejs/cli-linux-x64": "2.5.12", "@biomejs/cli-linux-x64-musl": "2.5.12", "@biomejs/cli-win32-arm64": "2.5.12", "@biomejs/cli-win32-x64": "2.5.12" }, "bin": { "biome": "bin/biome" } }, "sha512-Lw4VHZRebrReBBnlHa12JQjnIBm3JJAA55PDB9LbBVBF0q4RYphm6KfmIjqtPhf61MxZ5Q9KoK8R8x+7per5Aw=="],

    "@biomejs/cli-darwin-arm64": ["@biomejs/cli-darwin-arm64@2.5.12", "https://registry.npmmirror.com/@biomejs/cli-darwin-arm64/-/cli-darwin-arm64-2.5.12.tgz", { "os": "darwin", "cpu": "arm64" }, "sha512-lCRY1rwgNeWNgTr4DI/u6ZwXTRwRLHAvbaio1YLLGS+4r1nhvB2ssyPqIpfUSmRveNfv0fn/N58C7CAdK2XVrg=="],

    "@biomejs/cli-darwin-x64": ["@biomejs/cli-darwin-x64@2.5.12", "https://registry.npmmirror.com/@biomejs/cli-darwin-x64/-/cli-darwin-x64-2.5.12.tgz", { "os": "darwin", "cpu": "x64" }, "sha512-vhPgwnh+6tN3ArdAXuET99xaNbFt7CG82Bqn+omHVLC5xdVx45JsYjGPmUIGNzjDek5XdNCP1HKksK7fn8+3bQ=="],

    "@biomejs/cli-linux-arm64": ["@biomejs/cli-linux-arm64@2.5.12", "https://registry.npmmirror.com/@biomejs/cli-linux-arm64/-/cli-linux-arm64-2.5.12.tgz", { "os": "linux", "cpu": "arm64" }, "sha512-2gp8aVwXYKdAtmBfRFCUuyDMcfN1ahHqUkGfLYrZlNRFmryMATLVvJgWKvyA8wu4Rwn5OSxM1UcUmOuOFNGeBQ=="],

    "@biomejs/cli-linux-arm64-musl": ["@biomejs/cli-linux-arm64-musl@2.5.12", "https://registry.npmmirror.com/@biomejs/cli-linux-arm64-musl/-/cli-linux-arm64-musl-2.5.12.tgz", { "os": "linux", "cpu": "arm64" }, "sha512-couHYjFLL5uuI8ne6zhT7KwEsXo5YP7ry/2xmEqah7qanu0YmfDi3mwJg47YXSuv/NpZj22CZzcRH/5c4gjPSQ=="],

    "@biomejs/cli-linux-x64": ["@biomejs/cli-linux-x64@2.5.12", "https://registry.npmmirror.com/@biomejs/cli-linux-x64/-/cli-linux-x64-2.5.12.tgz", { "os": "linux", "cpu": "x64" }, "sha512-SnvOs3TSTiuia4SQOUNe1aWC9RT4+YkjcKnOhL/nsKOV0k5ycgBkDzF0lUxKn1V7Q8CLTRq6iV23ZAivHomRoA=="],

    "@biomejs/cli-linux-x64-musl": ["@biomejs/cli-linux-x64-musl@2.5.12", "https://registry.npmmirror.com/@biomejs/cli-linux-x64-musl/-/cli-linux-x64-musl-2.5.12.tgz", { "os": "linux", "cpu": "x64" }, "sha512-8A0oDW58/w9f/PQNYuq0sGUZtGtGrkNF4Z6n0PUoXpLCshi85vtKTv1XSznQawhdE4MXJ8ufpzHXyLFe87M/+w=="],

    "@biomejs/cli-win32-arm64": ["@biomejs/cli-win32-arm64@2.5.12", "https://registry.npmmirror.com/@biomejs/cli-win32-arm64/-/cli-win32-arm64-2.5.12.tgz", { "os": "win32", "cpu": "arm64" }, "sha512-b9vtoZFsuZt1pdjNwJvXl0f+BpayRzV008uS2+JpmwIKdSE2qdu4A/l04FESwLoou5g2E/Qlec0xwJydZplH+A=="],

    "@biomejs/cli-win32-x64": ["@biomejs/cli-win32-x64@2.5.12", "https://registry.npmmirror.com/@biomejs/cli-win32-x64/-/cli-win32-x64-2.5.12.tgz", { "os": "win32", "cpu": "x64" }, "sha512-B1R/l+CwEpKFSuqiwePzPNRk1EiJN8kc0UhdafNz6MZN9v5OFP9HYP1irptvWzHrwVI4blVNGMbxc5zt70m3IA=="],

    "@playwright/mcp": ["@playwright/mcp@0.0.80", "https://registry.npmmirror.com/@playwright/mcp/-/mcp-0.0.80.tgz", { "dependencies": { "playwright": "1.63.0-alpha-2026-08-31", "playwright-core": "1.63.0-alpha-2026-08-31" }, "bin": { "playwright-mcp": "cli.js" } }, "sha512-FOPXHm2SvFhAQylm10jMZ35B/SR2TaMLVkavAlwoG4N2qCb5RqbvhQYcu3zmXNyxR2DW0Ooxe+9XPVt5UjKRCQ=="],

    "@types/bun": ["@types/bun@1.4.1", "https://registry.npmmirror.com/@types/bun/-/bun-1.4.1.tgz", { "dependencies": { "bun-types": "1.4.1" } }, "sha512-0AVGiTXGajf1rgKom3N+c5L7CBxuoyyv1i44M0nX4UDK0G/fnRAMiri93nHuVPIb429KKtAgj7HatVmmOjeQLA=="],

    "@types/node": ["@types/node@26.4.1", "https://registry.npmmirror.com/@types/node/-/node-26.4.1.tgz", { "dependencies": { "undici-types": "~8.3.0" } }, "sha512-k97ENvZWtvA6yqz5/FS6a7duDgOPEeOQOc2iKS/nY6mX6qJUKtLnWzQS+Xj6tXweyj6ZcTAK2Qecetnvi9nCLA=="],

    "boolbase": ["boolbase@2.0.0", "https://registry.npmmirror.com/boolbase/-/boolbase-2.0.0.tgz", {}, "sha512-DkVaaQHymRhpYEYo9x1oo7Q7B0Y6KJUsjm3c9eTyFDby4MHLBTwZ6ZDWBel5zrYxj1WsZgC5oLpiz+93MluXeA=="],

    "bun-types": ["bun-types@1.4.1", "https://registry.npmmirror.com/bun-types/-/bun-types-1.4.1.tgz", { "dependencies": { "@types/node": "*" } }, "sha512-loKuVrAFZKfEv+JvWkHRS9GW5IqLuLRjVXN9p+vZvBN86O5hf/pBZQ5hSoyipsrMmWObZBDvWnlmKvjKTM0PdA=="],

    "chalk": ["chalk@6.0.0", "https://registry.npmmirror.com/chalk/-/chalk-6.0.0.tgz", {}, "sha512-2uNTXIuTTxk7ciZgAU1BQcgnchcG0xXnrs6jzkQfj9SsRa9M2s5zE8WT96hS6KmG4MzWHSrvH43DF1m4XRkrFg=="],

    "commander": ["commander@15.0.0", "https://registry.npmmirror.com/commander/-/commander-15.0.0.tgz", {}, "sha512-z67u4ZhzCL/Tydu1lJARtEZYWbWaN7oYLHbsuzocr6y4N6WZAagG3RQ4FW61V1/0+jImpj293XfrcYnd1qxtPg=="],

    "css-select": ["css-select@7.0.0", "https://registry.npmmirror.com/css-select/-/css-select-7.0.0.tgz", { "dependencies": { "boolbase": "^2.0.0", "css-what": "^8.0.0", "domhandler": "^6.0.1", "domutils": "^4.0.2", "nth-check": "^3.0.1" } }, "sha512-snmjEVXy+1LnwXdxhYvTMj1d9tOh4HxkA1YmoayVBeeyR2C14Pum7fcxJIm4SswYspVy866eYNwlH6xC3/VH5g=="],

    "css-what": ["css-what@8.0.0", "https://registry.npmmirror.com/css-what/-/css-what-8.0.0.tgz", {}, "sha512-DH0Bqq3DNp5tdOReuNyAA+Ev4Y2GS5FMbZpeTLP6C4CDi0h5nL0BmUPChXw3o/qbHLDWHl49sbNqQVY7bMSDdw=="],

    "cssom": ["cssom@0.5.0", "https://registry.npmmirror.com/cssom/-/cssom-0.5.0.tgz", {}, "sha512-iKuQcq+NdHqlAcwUY0o/HL69XQrUaQdMjmStJ8JFmUaiiQErlhrmuigkg/CU4E2J0IyUKUrMAgl36TvN67MqTw=="],

    "dom-serializer": ["dom-serializer@3.1.1", "https://registry.npmmirror.com/dom-serializer/-/dom-serializer-3.1.1.tgz", { "dependencies": { "domelementtype": "^3.0.0", "domhandler": "^6.0.0", "entities": "^8.0.0" } }, "sha512-4MEa38/QexBob6gFNwu+EGdWvhJ1OKuNwdYY3Y3NyeWDQfnGeDYQUDfIRzWu5B5gsv03so2Uxd28YC6zrsx3Lw=="],

    "domelementtype": ["domelementtype@2.3.0", "https://registry.npmmirror.com/domelementtype/-/domelementtype-2.3.0.tgz", {}, "sha512-OLETBj6w0OsagBwdXnPdN0cnMfF9opN69co+7ZrbfPGrdpPVNBUj02spi6B1N7wChLQiPn4CSH/zJvXw56gmHw=="],

    "domhandler": ["domhandler@6.0.1", "https://registry.npmmirror.com/domhandler/-/domhandler-6.0.1.tgz", { "dependencies": { "domelementtype": "^3.0.0" } }, "sha512-gYzvtM72ZtxQO0T048kd6HWSbbGCNOUwcnfQ01cqIJ4X2IYKFFHZ5mKvrQETcFXxsRObZulDaKmy//R7TPtsBg=="],

    "domutils": ["domutils@4.0.2", "https://registry.npmmirror.com/domutils/-/domutils-4.0.2.tgz", { "dependencies": { "dom-serializer": "^3.0.0", "domelementtype": "^3.0.0", "domhandler": "^6.0.0" } }, "sha512-qI4JLRKnSzqFqr7hAlS5xQDusBCjKSEG4t4+7aNrIQMHBcsC2TGEhuyABJdYkgSewL57PNLYEiibY2iPKhKpaA=="],

    "entities": ["entities@7.0.1", "https://registry.npmmirror.com/entities/-/entities-7.0.1.tgz", {}, "sha512-TWrgLOFUQTH994YUyl1yT4uyavY5nNB5muff+RtWaqNVCAK408b5ZnnbNAUEWLTCpum9w6arT70i1XdQ4UeOPA=="],

    "html-escaper": ["html-escaper@3.0.3", "https://registry.npmmirror.com/html-escaper/-/html-escaper-3.0.3.tgz", {}, "sha512-RuMffC89BOWQoY0WKGpIhn5gX3iI54O6nRA0yC124NYVtzjmFWBIiFd8M0x+ZdX0P9R4lADg1mgP8C7PxGOWuQ=="],

    "htmlparser2": ["htmlparser2@10.1.0", "https://registry.npmmirror.com/htmlparser2/-/htmlparser2-10.1.0.tgz", { "dependencies": { "domelementtype": "^2.3.0", "domhandler": "^5.0.3", "domutils": "^3.2.2", "entities": "^7.0.1" } }, "sha512-VTZkM9GWRAtEpveh7MSF6SjjrpNVNNVJfFup7xTY3UpFtm67foy9HDVXneLtFVt4pMz5kZtgNcvCniNFb1hlEQ=="],

    "linkedom": ["linkedom@0.18.13", "https://registry.npmmirror.com/linkedom/-/linkedom-0.18.13.tgz", { "dependencies": { "css-select": "^7.0.0", "cssom": "^0.5.0", "html-escaper": "^3.0.3", "htmlparser2": "^10.1.0", "uhyphen": "^0.2.0" }, "peerDependencies": { "canvas": ">= 2" }, "optionalPeers": ["canvas"] }, "sha512-ES/o9qotMpzpN2MHs+Iq/JcVoOj8Fa5wiQYrTdFpvAnwXL0g66XHHUc9WUMk6nAlBtGsFQ24ne+SYnvnaQ2FSw=="],

    "nth-check": ["nth-check@3.0.1", "https://registry.npmmirror.com/nth-check/-/nth-check-3.0.1.tgz", { "dependencies": { "boolbase": "^2.0.0" } }, "sha512-GX0gsdbGVCgnRgbeGaubfjpBXyYRWOOCVeYh08bSQvDZqxz5ndXs1OTfAt/h36G1xvI94YIspsI0sVFqAV9+RQ=="],

    "playwright": ["playwright@1.63.0", "https://registry.npmmirror.com/playwright/-/playwright-1.63.0.tgz", { "dependencies": { "playwright-core": "1.63.0" }, "bin": { "playwright": "cli.js" } }, "sha512-+7ziBLidS4NaNCdt57SUDT+wYmmd5fmiQejUic/kb+YsYSCPyOOE9sebzMjNmQrsnNpDJqd4WHvV/8lfKfUDUg=="],

    "playwright-core": ["playwright-core@1.63.0-alpha-2026-08-31", "https://registry.npmmirror.com/playwright-core/-/playwright-core-1.63.0-alpha-2026-08-31.tgz", { "bin": { "playwright-core": "cli.js" } }, "sha512-1ek0Lyr12h6jcs/WTcNoVtzZkQp7D/90PsMuBW/Rm6h3AsWAbzpqj0geMv8+8Tzzr9CSUYvg9kznrVZINQMXXw=="],

    "smol-toml": ["smol-toml@1.8.0", "https://registry.npmmirror.com/smol-toml/-/smol-toml-1.8.0.tgz", {}, "sha512-kCZr2V3ch9i00x8zXRhjUNVcjG9ijES5dDudkXvUVCT5QlJNQWElSJdZqyPemffHoLNUYwOcou0Fy+ojN0uHSQ=="],

    "typescript": ["typescript@5.9.3", "https://registry.npmmirror.com/typescript/-/typescript-5.9.3.tgz", { "bin": { "tsc": "bin/tsc", "tsserver": "bin/tsserver" } }, "sha512-jl1vZzPDinLr9eUt3J/t7V6FgNEw9QjvBPdysz9KfQDD41fQrC2Y4vKQdiaUpFT4bXlb1RHhLpp8wtm6M5TgSw=="],

    "uhyphen": ["uhyphen@0.2.0", "https://registry.npmmirror.com/uhyphen/-/uhyphen-0.2.0.tgz", {}, "sha512-qz3o9CHXmJJPGBdqzab7qAYuW8kQGKNEuoHFYrBwV6hWIMcpAmxDLXojcHfFr9US1Pe6zUswEIJIbLI610fuqA=="],

    "undici-types": ["undici-types@8.3.0", "https://registry.npmmirror.com/undici-types/-/undici-types-8.3.0.tgz", {}, "sha512-j375ScV60dom+YkPFIfTLcOiPxkN/buHz5GobjLhixFuANaNs3C9l4GmrWqejgXWJ7BbJcFYpTEUkS1Ge8bpZQ=="],

    "@playwright/mcp/playwright": ["playwright@1.63.0-alpha-2026-08-31", "https://registry.npmmirror.com/playwright/-/playwright-1.63.0-alpha-2026-08-31.tgz", { "dependencies": { "playwright-core": "1.63.0-alpha-2026-08-31" }, "bin": { "playwright": "cli.js" } }, "sha512-3XAsuznfu8jBVJ4QxdGvBkt0+b8ZFwuwJYyOfiIw5ZjUOrNLNRhKxzLzLuydou3gJ9c6eMwVqgzdiOwhy54Kzw=="],

    "dom-serializer/domelementtype": ["domelementtype@3.0.0", "https://registry.npmmirror.com/domelementtype/-/domelementtype-3.0.0.tgz", {}, "sha512-umCQid3jKbDmVjx8jGaW7uUykm4DEUeyV21hPxNMo2nV955DhUThwqyOIDtreepP31hl84X7G5U9ZfsWvIB3Pg=="],

    "dom-serializer/entities": ["entities@8.0.0", "https://registry.npmmirror.com/entities/-/entities-8.0.0.tgz", {}, "sha512-zwfzJecQ/Uej6tusMqwAqU/6KL2XaB2VZ2Jg54Je6ahNBGNH6Ek6g3jjNCF0fG9EWQKGZNddNjU5F1ZQn/sBnA=="],

    "domhandler/domelementtype": ["domelementtype@3.0.0", "https://registry.npmmirror.com/domelementtype/-/domelementtype-3.0.0.tgz", {}, "sha512-umCQid3jKbDmVjx8jGaW7uUykm4DEUeyV21hPxNMo2nV955DhUThwqyOIDtreepP31hl84X7G5U9ZfsWvIB3Pg=="],

    "domutils/domelementtype": ["domelementtype@3.0.0", "https://registry.npmmirror.com/domelementtype/-/domelementtype-3.0.0.tgz", {}, "sha512-umCQid3jKbDmVjx8jGaW7uUykm4DEUeyV21hPxNMo2nV955DhUThwqyOIDtreepP31hl84X7G5U9ZfsWvIB3Pg=="],

    "htmlparser2/domhandler": ["domhandler@5.0.3", "https://registry.npmmirror.com/domhandler/-/domhandler-5.0.3.tgz", { "dependencies": { "domelementtype": "^2.3.0" } }, "sha512-cgwlv/1iFQiFnU96XXgROh8xTeetsnJiDsTc7TYCLFd9+/WNkIqPTxiM/8pSd8VIrhXGTf1Ny1q1hquVqDJB5w=="],

    "htmlparser2/domutils": ["domutils@3.2.2", "https://registry.npmmirror.com/domutils/-/domutils-3.2.2.tgz", { "dependencies": { "dom-serializer": "^2.0.0", "domelementtype": "^2.3.0", "domhandler": "^5.0.3" } }, "sha512-6kZKyUajlDuqlHKVX1w7gyslj9MPIXzIFiz/rGu35uC1wMi+kMhQwGhl4lt9unC9Vb9INnY9Z3/ZA3+FhASLaw=="],

    "playwright/playwright-core": ["playwright-core@1.63.0", "https://registry.npmmirror.com/playwright-core/-/playwright-core-1.63.0.tgz", { "bin": { "playwright-core": "cli.js" } }, "sha512-rYCsBF/M5HjUch52bbtVONEFjv6Xu8sm8h72dNlR5bzIE1fvC/bxgspzkjSfU+MweEMmPM8KJebG6nnyxo5mCg=="],

    "htmlparser2/domutils/dom-serializer": ["dom-serializer@2.0.0", "https://registry.npmmirror.com/dom-serializer/-/dom-serializer-2.0.0.tgz", { "dependencies": { "domelementtype": "^2.3.0", "domhandler": "^5.0.2", "entities": "^4.2.0" } }, "sha512-wIkAryiqt/nV5EQKqQpo3SToSOV9J0DnbJqwK7Wv/Trc92zIAYZ4FlMu+JPFW1DfGFt81ZTCGgDEabffXeLyJg=="],

    "htmlparser2/domutils/dom-serializer/entities": ["entities@4.5.0", "https://registry.npmmirror.com/entities/-/entities-4.5.0.tgz", {}, "sha512-V0hjH4dGPh9Ao5p0MoRY6BVqtwCjhz6vI5LT8AJ55H+4g9/4vbHx1I54fS0XuclLhDHArPQCiMjDxjaL8fPxhw=="],
  }
}
