{
  "lockfileVersion": 1,
  "configVersion": 1,
  "workspaces": {
    "": {
      "name": "autowire",
      "dependencies": {
        "chalk": "^6.0.0",
        "commander": "^15.0.0",
        "exceljs": "^4.4.0",
        "happy-dom": "^20.14.5",
        "linkedom": "^0.18.13",
        "smol-toml": "^1.8.0",
      },
      "devDependencies": {
        "@biomejs/biome": "^2.5.12",
        "@playwright/mcp": "^0.0.80",
        "@types/bun": "latest",
        "playwright": "^1.63.0",
      },
      "peerDependencies": {
        "typescript": "^5",
      },
    },
  },
  "packages": {
    "@biomejs/biome": ["@biomejs/biome@2.5.12", "https://registry.npmmirror.com/@biomejs/biome/-/biome-2.5.12.tgz", { "optionalDependencies": { "@biomejs/cli-darwin-arm64": "2.5.12", "@biomejs/cli-darwin-x64": "2.5.12", "@biomejs/cli-linux-arm64": "2.5.12", "@biomejs/cli-linux-arm64-musl": "2.5.12", "@biomejs/cli-linux-x64": "2.5.12", "@biomejs/cli-linux-x64-musl": "2.5.12", "@biomejs/cli-win32-arm64": "2.5.12", "@biomejs/cli-win32-x64": "2.5.12" }, "bin": { "biome": "bin/biome" } }, "sha512-Lw4VHZRebrReBBnlHa12JQjnIBm3JJAA55PDB9LbBVBF0q4RYphm6KfmIjqtPhf61MxZ5Q9KoK8R8x+7per5Aw=="],

    "@biomejs/cli-darwin-arm64": ["@biomejs/cli-darwin-arm64@2.5.12", "https://registry.npmmirror.com/@biomejs/cli-darwin-arm64/-/cli-darwin-arm64-2.5.12.tgz", { "os": "darwin", "cpu": "arm64" }, "sha512-lCRY1rwgNeWNgTr4DI/u6ZwXTRwRLHAvbaio1YLLGS+4r1nhvB2ssyPqIpfUSmRveNfv0fn/N58C7CAdK2XVrg=="],

    "@biomejs/cli-darwin-x64": ["@biomejs/cli-darwin-x64@2.5.12", "https://registry.npmmirror.com/@biomejs/cli-darwin-x64/-/cli-darwin-x64-2.5.12.tgz", { "os": "darwin", "cpu": "x64" }, "sha512-vhPgwnh+6tN3ArdAXuET99xaNbFt7CG82Bqn+omHVLC5xdVx45JsYjGPmUIGNzjDek5XdNCP1HKksK7fn8+3bQ=="],

    "@biomejs/cli-linux-arm64": ["@biomejs/cli-linux-arm64@2.5.12", "https://registry.npmmirror.com/@biomejs/cli-linux-arm64/-/cli-linux-arm64-2.5.12.tgz", { "os": "linux", "cpu": "arm64" }, "sha512-2gp8aVwXYKdAtmBfRFCUuyDMcfN1ahHqUkGfLYrZlNRFmryMATLVvJgWKvyA8wu4Rwn5OSxM1UcUmOuOFNGeBQ=="],

    "@biomejs/cli-linux-arm64-musl": ["@biomejs/cli-linux-arm64-musl@2.5.12", "https://registry.npmmirror.com/@biomejs/cli-linux-arm64-musl/-/cli-linux-arm64-musl-2.5.12.tgz", { "os": "linux", "cpu": "arm64" }, "sha512-couHYjFLL5uuI8ne6zhT7KwEsXo5YP7ry/2xmEqah7qanu0YmfDi3mwJg47YXSuv/NpZj22CZzcRH/5c4gjPSQ=="],

    "@biomejs/cli-linux-x64": ["@biomejs/cli-linux-x64@2.5.12", "https://registry.npmmirror.com/@biomejs/cli-linux-x64/-/cli-linux-x64-2.5.12.tgz", { "os": "linux", "cpu": "x64" }, "sha512-SnvOs3TSTiuia4SQOUNe1aWC9RT4+YkjcKnOhL/nsKOV0k5ycgBkDzF0lUxKn1V7Q8CLTRq6iV23ZAivHomRoA=="],

    "@biomejs/cli-linux-x64-musl": ["@biomejs/cli-linux-x64-musl@2.5.12", "https://registry.npmmirror.com/@biomejs/cli-linux-x64-musl/-/cli-linux-x64-musl-2.5.12.tgz", { "os": "linux", "cpu": "x64" }, "sha512-8A0oDW58/w9f/PQNYuq0sGUZtGtGrkNF4Z6n0PUoXpLCshi85vtKTv1XSznQawhdE4MXJ8ufpzHXyLFe87M/+w=="],

    "@biomejs/cli-win32-arm64": ["@biomejs/cli-win32-arm64@2.5.12", "https://registry.npmmirror.com/@biomejs/cli-win32-arm64/-/cli-win32-arm64-2.5.12.tgz", { "os": "win32", "cpu": "arm64" }, "sha512-b9vtoZFsuZt1pdjNwJvXl0f+BpayRzV008uS2+JpmwIKdSE2qdu4A/l04FESwLoou5g2E/Qlec0xwJydZplH+A=="],

    "@biomejs/cli-win32-x64": ["@biomejs/cli-win32-x64@2.5.12", "https://registry.npmmirror.com/@biomejs/cli-win32-x64/-/cli-win32-x64-2.5.12.tgz", { "os": "win32", "cpu": "x64" }, "sha512-B1R/l+CwEpKFSuqiwePzPNRk1EiJN8kc0UhdafNz6MZN9v5OFP9HYP1irptvWzHrwVI4blVNGMbxc5zt70m3IA=="],

    "@fast-csv/format": ["@fast-csv/format@4.3.5", "https://registry.npmmirror.com/@fast-csv/format/-/format-4.3.5.tgz", { "dependencies": { "@types/node": "^14.0.1", "lodash.escaperegexp": "^4.1.2", "lodash.isboolean": "^3.0.3", "lodash.isequal": "^4.5.0", "lodash.isfunction": "^3.0.9", "lodash.isnil": "^4.0.0" } }, "sha512-8iRn6QF3I8Ak78lNAa+Gdl5MJJBM5vRHivFtMRUWINdevNo00K7OXxS2PshawLKTejVwieIlPmK5YlLu6w4u8A=="],

    "@fast-csv/parse": ["@fast-csv/parse@4.3.6", "https://registry.npmmirror.com/@fast-csv/parse/-/parse-4.3.6.tgz", { "dependencies": { "@types/node": "^14.0.1", "lodash.escaperegexp": "^4.1.2", "lodash.groupby": "^4.6.0", "lodash.isfunction": "^3.0.9", "lodash.isnil": "^4.0.0", "lodash.isundefined": "^3.0.1", "lodash.uniq": "^4.5.0" } }, "sha512-uRsLYksqpbDmWaSmzvJcuApSEe38+6NQZBUsuAyMZKqHxH0g1wcJgsKUvN3WC8tewaqFjBMMGrkHmC+T7k8LvA=="],

    "@playwright/mcp": ["@playwright/mcp@0.0.80", "https://registry.npmmirror.com/@playwright/mcp/-/mcp-0.0.80.tgz", { "dependencies": { "playwright": "1.63.0-alpha-2026-08-31", "playwright-core": "1.63.0-alpha-2026-08-31" }, "bin": { "playwright-mcp": "cli.js" } }, "sha512-FOPXHm2SvFhAQylm10jMZ35B/SR2TaMLVkavAlwoG4N2qCb5RqbvhQYcu3zmXNyxR2DW0Ooxe+9XPVt5UjKRCQ=="],

    "@types/bun": ["@types/bun@1.4.1", "https://registry.npmmirror.com/@types/bun/-/bun-1.4.1.tgz", { "dependencies": { "bun-types": "1.4.1" } }, "sha512-0AVGiTXGajf1rgKom3N+c5L7CBxuoyyv1i44M0nX4UDK0G/fnRAMiri93nHuVPIb429KKtAgj7HatVmmOjeQLA=="],

    "@types/node": ["@types/node@26.4.1", "https://registry.npmmirror.com/@types/node/-/node-26.4.1.tgz", { "dependencies": { "undici-types": "~8.3.0" } }, "sha512-k97ENvZWtvA6yqz5/FS6a7duDgOPEeOQOc2iKS/nY6mX6qJUKtLnWzQS+Xj6tXweyj6ZcTAK2Qecetnvi9nCLA=="],

    "@types/whatwg-mimetype": ["@types/whatwg-mimetype@3.0.2", "", {}, "sha512-c2AKvDT8ToxLIOUlN51gTiHXflsfIFisS4pO7pDPoKouJCESkhZnEy623gwP9laCy5lnLDAw1vAzu2vM2YLOrA=="],

    "@types/ws": ["@types/ws@8.18.1", "", { "dependencies": { "@types/node": "*" } }, "sha512-ThVF6DCVhA8kUGy+aazFQ4kXQ7E1Ty7A3ypFOe0IcJV8O/M511G99AW24irKrW56Wt44yG9+ij8FaqoBGkuBXg=="],

    "archiver": ["archiver@5.3.2", "https://registry.npmmirror.com/archiver/-/archiver-5.3.2.tgz", { "dependencies": { "archiver-utils": "^2.1.0", "async": "^3.2.4", "buffer-crc32": "^0.2.1", "readable-stream": "^3.6.0", "readdir-glob": "^1.1.2", "tar-stream": "^2.2.0", "zip-stream": "^4.1.0" } }, "sha512-+25nxyyznAXF7Nef3y0EbBeqmGZgeN/BxHX29Rs39djAfaFalmQ89SE6CWyDCHzGL0yt/ycBtNOmGTW0FyGWNw=="],

    "archiver-utils": ["archiver-utils@2.1.0", "https://registry.npmmirror.com/archiver-utils/-/archiver-utils-2.1.0.tgz", { "dependencies": { "glob": "^7.1.4", "graceful-fs": "^4.2.0", "lazystream": "^1.0.0", "lodash.defaults": "^4.2.0", "lodash.difference": "^4.5.0", "lodash.flatten": "^4.4.0", "lodash.isplainobject": "^4.0.6", "lodash.union": "^4.6.0", "normalize-path": "^3.0.0", "readable-stream": "^2.0.0" } }, "sha512-bEL/yUb/fNNiNTuUz979Z0Yg5L+LzLxGJz8x79lYmR54fmTIb6ob/hNQgkQnIUDWIFjZVQwl9Xs356I6BAMHfw=="],

    "async": ["async@3.2.6", "https://registry.npmmirror.com/async/-/async-3.2.6.tgz", {}, "sha512-htCUDlxyyCLMgaM3xXg0C0LW2xqfuQ6p05pCEIsXuyQ+a1koYKTuBMzRNwmybfLgvJDMd0r1LTn4+E0Ti6C2AA=="],

    "balanced-match": ["balanced-match@1.0.2", "https://registry.npmmirror.com/balanced-match/-/balanced-match-1.0.2.tgz", {}, "sha512-3oSeUO0TMV67hN1AmbXsK4yaqU7tjiHlbxRDZOpH0KW9+CeX4bRAaX0Anxt0tx2MrpRpWwQaPwIlISEJhYU5Pw=="],

    "base64-js": ["base64-js@1.5.1", "https://registry.npmmirror.com/base64-js/-/base64-js-1.5.1.tgz", {}, "sha512-AKpaYlHn8t4SVbOHCy+b5+KKgvR4vrsD8vbvrbiQJps7fKDTkjkDry6ji0rUJjC0kzbNePLwzxq8iypo41qeWA=="],

    "big-integer": ["big-integer@1.6.52", "https://registry.npmmirror.com/big-integer/-/big-integer-1.6.52.tgz", {}, "sha512-QxD8cf2eVqJOOz63z6JIN9BzvVs/dlySa5HGSBH5xtR8dPteIRQnBxxKqkNTiT6jbDTF6jAfrd4oMcND9RGbQg=="],

    "binary": ["binary@0.3.0", "https://registry.npmmirror.com/binary/-/binary-0.3.0.tgz", { "dependencies": { "buffers": "~0.1.1", "chainsaw": "~0.1.0" } }, "sha512-D4H1y5KYwpJgK8wk1Cue5LLPgmwHKYSChkbspQg5JtVuR5ulGckxfR62H3AE9UDkdMC8yyXlqYihuz3Aqg2XZg=="],

    "bl": ["bl@4.1.0", "https://registry.npmmirror.com/bl/-/bl-4.1.0.tgz", { "dependencies": { "buffer": "^5.5.0", "inherits": "^2.0.4", "readable-stream": "^3.4.0" } }, "sha512-1W07cM9gS6DcLperZfFSj+bWLtaPGSOHWhPiGzXmvVJbRLdG82sH/Kn8EtW1VqWVA54AKf2h5k5BbnIbwF3h6w=="],

    "bluebird": ["bluebird@3.4.7", "https://registry.npmmirror.com/bluebird/-/bluebird-3.4.7.tgz", {}, "sha512-iD3898SR7sWVRHbiQv+sHUtHnMvC1o3nW5rAcqnq3uOn07DSAppZYUkIGslDz6gXC7HfunPe7YVBgoEJASPcHA=="],

    "boolbase": ["boolbase@2.0.0", "https://registry.npmmirror.com/boolbase/-/boolbase-2.0.0.tgz", {}, "sha512-DkVaaQHymRhpYEYo9x1oo7Q7B0Y6KJUsjm3c9eTyFDby4MHLBTwZ6ZDWBel5zrYxj1WsZgC5oLpiz+93MluXeA=="],

    "brace-expansion": ["brace-expansion@2.1.7", "https://registry.npmmirror.com/brace-expansion/-/brace-expansion-2.1.7.tgz", { "dependencies": { "balanced-match": "^1.0.0" } }, "sha512-uZbew1NqdmPDTMJ8ah1y+b+9QEJrfkXFk3RcTQw3X0jW/xRUvFKsg1CfQdSYGdTbXZWExtU3J3ccxtnfw1Fi0g=="],

    "buffer": ["buffer@5.7.1", "https://registry.npmmirror.com/buffer/-/buffer-5.7.1.tgz", { "dependencies": { "base64-js": "^1.3.1", "ieee754": "^1.1.13" } }, "sha512-EHcyIPBQ4BSGlvjB16k5KgAJ27CIsHY/2JBmCRReo48y9rQ3MaUzWX3KVlBa4U7MyX02HdVj0K7C3WaB3ju7FQ=="],

    "buffer-crc32": ["buffer-crc32@0.2.13", "https://registry.npmmirror.com/buffer-crc32/-/buffer-crc32-0.2.13.tgz", {}, "sha512-VO9Ht/+p3SN7SKWqcrgEzjGbRSJYTx+Q1pTQC0wrWqHx0vpJraQ6GtHx8tvcg1rlK1byhU5gccxgOgj7B0TDkQ=="],

    "buffer-image-size": ["buffer-image-size@0.6.4", "", { "dependencies": { "@types/node": "*" } }, "sha512-nEh+kZOPY1w+gcCMobZ6ETUp9WfibndnosbpwB1iJk/8Gt5ZF2bhS6+B6bPYz424KtwsR6Rflc3tCz1/ghX2dQ=="],

    "buffer-indexof-polyfill": ["buffer-indexof-polyfill@1.0.2", "https://registry.npmmirror.com/buffer-indexof-polyfill/-/buffer-indexof-polyfill-1.0.2.tgz", {}, "sha512-I7wzHwA3t1/lwXQh+A5PbNvJxgfo5r3xulgpYDB5zckTu/Z9oUK9biouBKQUjEqzaz3HnAT6TYoovmE+GqSf7A=="],

    "buffers": ["buffers@0.1.1", "https://registry.npmmirror.com/buffers/-/buffers-0.1.1.tgz", {}, "sha512-9q/rDEGSb/Qsvv2qvzIzdluL5k7AaJOTrw23z9reQthrbF7is4CtlT0DXyO1oei2DCp4uojjzQ7igaSHp1kAEQ=="],

    "bun-types": ["bun-types@1.4.1", "https://registry.npmmirror.com/bun-types/-/bun-types-1.4.1.tgz", { "dependencies": { "@types/node": "*" } }, "sha512-loKuVrAFZKfEv+JvWkHRS9GW5IqLuLRjVXN9p+vZvBN86O5hf/pBZQ5hSoyipsrMmWObZBDvWnlmKvjKTM0PdA=="],

    "chainsaw": ["chainsaw@0.1.0", "https://registry.npmmirror.com/chainsaw/-/chainsaw-0.1.0.tgz", { "dependencies": { "traverse": ">=0.3.0 <0.4" } }, "sha512-75kWfWt6MEKNC8xYXIdRpDehRYY/tNSgwKaJq+dbbDcxORuVrrQ+SEHoWsniVn9XPYfP4gmdWIeDk/4YNp1rNQ=="],

    "chalk": ["chalk@6.0.0", "https://registry.npmmirror.com/chalk/-/chalk-6.0.0.tgz", {}, "sha512-2uNTXIuTTxk7ciZgAU1BQcgnchcG0xXnrs6jzkQfj9SsRa9M2s5zE8WT96hS6KmG4MzWHSrvH43DF1m4XRkrFg=="],

    "commander": ["commander@15.0.0", "https://registry.npmmirror.com/commander/-/commander-15.0.0.tgz", {}, "sha512-z67u4ZhzCL/Tydu1lJARtEZYWbWaN7oYLHbsuzocr6y4N6WZAagG3RQ4FW61V1/0+jImpj293XfrcYnd1qxtPg=="],

    "compress-commons": ["compress-commons@4.1.2", "https://registry.npmmirror.com/compress-commons/-/compress-commons-4.1.2.tgz", { "dependencies": { "buffer-crc32": "^0.2.13", "crc32-stream": "^4.0.2", "normalize-path": "^3.0.0", "readable-stream": "^3.6.0" } }, "sha512-D3uMHtGc/fcO1Gt1/L7i1e33VOvD4A9hfQLP+6ewd+BvG/gQ84Yh4oftEhAdjSMgBgwGL+jsppT7JYNpo6MHHg=="],

    "concat-map": ["concat-map@0.0.1", "https://registry.npmmirror.com/concat-map/-/concat-map-0.0.1.tgz", {}, "sha512-/Srv4dswyQNBfohGpz9o6Yb3Gz3SrUDqBH5rTuhGR7ahtlbYKnVxw2bCFMRljaA7EXHaXZ8wsHdodFvbkhKmqg=="],

    "core-util-is": ["core-util-is@1.0.3", "https://registry.npmmirror.com/core-util-is/-/core-util-is-1.0.3.tgz", {}, "sha512-ZQBvi1DcpJ4GDqanjucZ2Hj3wEO5pZDS89BWbkcrvdxksJorwUDDZamX9ldFkp9aw2lmBDLgkObEA4DWNJ9FYQ=="],

    "crc-32": ["crc-32@1.2.2", "https://registry.npmmirror.com/crc-32/-/crc-32-1.2.2.tgz", { "bin": { "crc32": "bin/crc32.njs" } }, "sha512-ROmzCKrTnOwybPcJApAA6WBWij23HVfGVNKqqrZpuyZOHqK2CwHSvpGuyt/UNNvaIjEd8X5IFGp4Mh+Ie1IHJQ=="],

    "crc32-stream": ["crc32-stream@4.0.3", "https://registry.npmmirror.com/crc32-stream/-/crc32-stream-4.0.3.tgz", { "dependencies": { "crc-32": "^1.2.0", "readable-stream": "^3.4.0" } }, "sha512-NT7w2JVU7DFroFdYkeq8cywxrgjPHWkdX1wjpRQXPX5Asews3tA+Ght6lddQO5Mkumffp3X7GEqku3epj2toIw=="],

    "css-select": ["css-select@7.0.0", "https://registry.npmmirror.com/css-select/-/css-select-7.0.0.tgz", { "dependencies": { "boolbase": "^2.0.0", "css-what": "^8.0.0", "domhandler": "^6.0.1", "domutils": "^4.0.2", "nth-check": "^3.0.1" } }, "sha512-snmjEVXy+1LnwXdxhYvTMj1d9tOh4HxkA1YmoayVBeeyR2C14Pum7fcxJIm4SswYspVy866eYNwlH6xC3/VH5g=="],

    "css-what": ["css-what@8.0.0", "https://registry.npmmirror.com/css-what/-/css-what-8.0.0.tgz", {}, "sha512-DH0Bqq3DNp5tdOReuNyAA+Ev4Y2GS5FMbZpeTLP6C4CDi0h5nL0BmUPChXw3o/qbHLDWHl49sbNqQVY7bMSDdw=="],

    "cssom": ["cssom@0.5.0", "https://registry.npmmirror.com/cssom/-/cssom-0.5.0.tgz", {}, "sha512-iKuQcq+NdHqlAcwUY0o/HL69XQrUaQdMjmStJ8JFmUaiiQErlhrmuigkg/CU4E2J0IyUKUrMAgl36TvN67MqTw=="],

    "dayjs": ["dayjs@1.11.23", "https://registry.npmmirror.com/dayjs/-/dayjs-1.11.23.tgz", {}, "sha512-QDTCU0M0MxR3hQfnlDJfwekQiaanm1ubOD231u73WBckQ/fsamwRLiE2GBz6D3a/xF1NgfiDLJjXBa1hYOYTtQ=="],

    "dom-serializer": ["dom-serializer@3.1.1", "https://registry.npmmirror.com/dom-serializer/-/dom-serializer-3.1.1.tgz", { "dependencies": { "domelementtype": "^3.0.0", "domhandler": "^6.0.0", "entities": "^8.0.0" } }, "sha512-4MEa38/QexBob6gFNwu+EGdWvhJ1OKuNwdYY3Y3NyeWDQfnGeDYQUDfIRzWu5B5gsv03so2Uxd28YC6zrsx3Lw=="],

    "domelementtype": ["domelementtype@2.3.0", "https://registry.npmmirror.com/domelementtype/-/domelementtype-2.3.0.tgz", {}, "sha512-OLETBj6w0OsagBwdXnPdN0cnMfF9opN69co+7ZrbfPGrdpPVNBUj02spi6B1N7wChLQiPn4CSH/zJvXw56gmHw=="],

    "domhandler": ["domhandler@6.0.1", "https://registry.npmmirror.com/domhandler/-/domhandler-6.0.1.tgz", { "dependencies": { "domelementtype": "^3.0.0" } }, "sha512-gYzvtM72ZtxQO0T048kd6HWSbbGCNOUwcnfQ01cqIJ4X2IYKFFHZ5mKvrQETcFXxsRObZulDaKmy//R7TPtsBg=="],

    "domutils": ["domutils@4.0.2", "https://registry.npmmirror.com/domutils/-/domutils-4.0.2.tgz", { "dependencies": { "dom-serializer": "^3.0.0", "domelementtype": "^3.0.0", "domhandler": "^6.0.0" } }, "sha512-qI4JLRKnSzqFqr7hAlS5xQDusBCjKSEG4t4+7aNrIQMHBcsC2TGEhuyABJdYkgSewL57PNLYEiibY2iPKhKpaA=="],

    "duplexer2": ["duplexer2@0.1.4", "https://registry.npmmirror.com/duplexer2/-/duplexer2-0.1.4.tgz", { "dependencies": { "readable-stream": "^2.0.2" } }, "sha512-asLFVfWWtJ90ZyOUHMqk7/S2w2guQKxUI2itj3d92ADHhxUSbCMGi1f1cBcJ7xM1To+pE/Khbwo1yuNbMEPKeA=="],

    "end-of-stream": ["end-of-stream@1.4.5", "https://registry.npmmirror.com/end-of-stream/-/end-of-stream-1.4.5.tgz", { "dependencies": { "once": "^1.4.0" } }, "sha512-ooEGc6HP26xXq/N+GCGOT0JKCLDGrq2bQUZrQ7gyrJiZANJ/8YDTxTpQBXGMn+WbIQXNVpyWymm7KYVICQnyOg=="],

    "entities": ["entities@7.0.1", "https://registry.npmmirror.com/entities/-/entities-7.0.1.tgz", {}, "sha512-TWrgLOFUQTH994YUyl1yT4uyavY5nNB5muff+RtWaqNVCAK408b5ZnnbNAUEWLTCpum9w6arT70i1XdQ4UeOPA=="],

    "exceljs": ["exceljs@4.4.0", "https://registry.npmmirror.com/exceljs/-/exceljs-4.4.0.tgz", { "dependencies": { "archiver": "^5.0.0", "dayjs": "^1.8.34", "fast-csv": "^4.3.1", "jszip": "^3.10.1", "readable-stream": "^3.6.0", "saxes": "^5.0.1", "tmp": "^0.2.0", "unzipper": "^0.10.11", "uuid": "^8.3.0" } }, "sha512-XctvKaEMaj1Ii9oDOqbW/6e1gXknSY4g/aLCDicOXqBE4M0nRWkUu0PTp++UPNzoFY12BNHMfs/VadKIS6llvg=="],

    "fast-csv": ["fast-csv@4.3.6", "https://registry.npmmirror.com/fast-csv/-/fast-csv-4.3.6.tgz", { "dependencies": { "@fast-csv/format": "4.3.5", "@fast-csv/parse": "4.3.6" } }, "sha512-2RNSpuwwsJGP0frGsOmTb9oUF+VkFSM4SyLTDgwf2ciHWTarN0lQTC+F2f/t5J9QjW+c65VFIAAu85GsvMIusw=="],

    "fs-constants": ["fs-constants@1.0.0", "https://registry.npmmirror.com/fs-constants/-/fs-constants-1.0.0.tgz", {}, "sha512-y6OAwoSIf7FyjMIv94u+b5rdheZEjzR63GTyZJm5qh4Bi+2YgwLCcI/fPFZkL5PSixOt6ZNKm+w+Hfp/Bciwow=="],

    "fs.realpath": ["fs.realpath@1.0.0", "https://registry.npmmirror.com/fs.realpath/-/fs.realpath-1.0.0.tgz", {}, "sha512-OO0pH2lK6a0hZnAdau5ItzHPI6pUlvI7jMVnxUQRtw4owF2wk8lOSabtGDCTP4Ggrg2MbGnWO9X8K1t4+fGMDw=="],

    "fstream": ["fstream@1.0.12", "https://registry.npmmirror.com/fstream/-/fstream-1.0.12.tgz", { "dependencies": { "graceful-fs": "^4.1.2", "inherits": "~2.0.0", "mkdirp": ">=0.5 0", "rimraf": "2" } }, "sha512-WvJ193OHa0GHPEL+AycEJgxvBEwyfRkN1vhjca23OaPVMCaLCXTd5qAu82AjTcgP1UJmytkOKb63Ypde7raDIg=="],

    "glob": ["glob@7.2.3", "https://registry.npmmirror.com/glob/-/glob-7.2.3.tgz", { "dependencies": { "fs.realpath": "^1.0.0", "inflight": "^1.0.4", "inherits": "2", "minimatch": "^3.1.1", "once": "^1.3.0", "path-is-absolute": "^1.0.0" } }, "sha512-nFR0zLpU2YCaRxwoCJvL6UvCH2JFyFVIvwTLsIf21AuHlMskA1hhTdk+LlYJtOlYt9v6dvszD2BGRqBL+iQK9Q=="],

    "graceful-fs": ["graceful-fs@4.2.11", "https://registry.npmmirror.com/graceful-fs/-/graceful-fs-4.2.11.tgz", {}, "sha512-RbJ5/jmFcNNCcDV5o9eTnBLJ/HszWV0P73bc+Ff4nS/rJj+YaS6IGyiOL0VoBYX+l1Wrl3k63h/KrH+nhJ0XvQ=="],

    "happy-dom": ["happy-dom@20.14.5", "", { "dependencies": { "@types/node": ">=20.0.0", "@types/whatwg-mimetype": "^3.0.2", "@types/ws": "^8.18.1", "buffer-image-size": "^0.6.4", "entities": "^7.0.1", "whatwg-mimetype": "^3.0.0", "ws": "^8.21.0" } }, "sha512-x/RzkpWO40bTjIoT30iQtt64FLLmH/iRcUCN2X//bLx7H3ifkdfPXyqsro/OYtqzIAhiLMMA7mmiOR9C3NOKjQ=="],

    "html-escaper": ["html-escaper@3.0.3", "https://registry.npmmirror.com/html-escaper/-/html-escaper-3.0.3.tgz", {}, "sha512-RuMffC89BOWQoY0WKGpIhn5gX3iI54O6nRA0yC124NYVtzjmFWBIiFd8M0x+ZdX0P9R4lADg1mgP8C7PxGOWuQ=="],

    "htmlparser2": ["htmlparser2@10.1.0", "https://registry.npmmirror.com/htmlparser2/-/htmlparser2-10.1.0.tgz", { "dependencies": { "domelementtype": "^2.3.0", "domhandler": "^5.0.3", "domutils": "^3.2.2", "entities": "^7.0.1" } }, "sha512-VTZkM9GWRAtEpveh7MSF6SjjrpNVNNVJfFup7xTY3UpFtm67foy9HDVXneLtFVt4pMz5kZtgNcvCniNFb1hlEQ=="],

    "ieee754": ["ieee754@1.2.1", "https://registry.npmmirror.com/ieee754/-/ieee754-1.2.1.tgz", {}, "sha512-dcyqhDvX1C46lXZcVqCpK+FtMRQVdIMN6/Df5js2zouUsqG7I6sFxitIC+7KYK29KdXOLHdu9zL4sFnoVQnqaA=="],

    "immediate": ["immediate@3.0.6", "https://registry.npmmirror.com/immediate/-/immediate-3.0.6.tgz", {}, "sha512-XXOFtyqDjNDAQxVfYxuF7g9Il/IbWmmlQg2MYKOH8ExIT1qg6xc4zyS3HaEEATgs1btfzxq15ciUiY7gjSXRGQ=="],

    "inflight": ["inflight@1.0.6", "https://registry.npmmirror.com/inflight/-/inflight-1.0.6.tgz", { "dependencies": { "once": "^1.3.0", "wrappy": "1" } }, "sha512-k92I/b08q4wvFscXCLvqfsHCrjrF7yiXsQuIVvVE7N82W3+aqpzuUdBbfhWcy/FZR3/4IgflMgKLOsvPDrGCJA=="],

    "inherits": ["inherits@2.0.4", "https://registry.npmmirror.com/inherits/-/inherits-2.0.4.tgz", {}, "sha512-k/vGaX4/Yla3WzyMCvTQOXYeIHvqOKtnqBduzTHpzpQZzAskKMhZ2K+EnBiSM9zGSoIFeMpXKxa4dYeZIQqewQ=="],

    "isarray": ["isarray@1.0.0", "https://registry.npmmirror.com/isarray/-/isarray-1.0.0.tgz", {}, "sha512-VLghIWNM6ELQzo7zwmcg0NmTVyWKYjvIeM83yjp0wRDTmUnrM678fQbcKBo6n2CJEF0szoG//ytg+TKla89ALQ=="],

    "jszip": ["jszip@3.10.2", "https://registry.npmmirror.com/jszip/-/jszip-3.10.2.tgz", { "dependencies": { "lie": "~3.3.0", "pako": "~1.0.2", "readable-stream": "~2.3.6", "setimmediate": "^1.0.5" } }, "sha512-3l+rb15IOWtUhU0H5MFqES/T6Kh7abYwjosBey/vD6hDt8zoEffkSC5Ws5SGtgVw3gBx2NEbhTeSW1+kWkpyTQ=="],

    "lazystream": ["lazystream@1.0.1", "https://registry.npmmirror.com/lazystream/-/lazystream-1.0.1.tgz", { "dependencies": { "readable-stream": "^2.0.5" } }, "sha512-b94GiNHQNy6JNTrt5w6zNyffMrNkXZb3KTkCZJb2V1xaEGCk093vkZ2jk3tpaeP33/OiXC+WvK9AxUebnf5nbw=="],

    "lie": ["lie@3.3.0", "https://registry.npmmirror.com/lie/-/lie-3.3.0.tgz", { "dependencies": { "immediate": "~3.0.5" } }, "sha512-UaiMJzeWRlEujzAuw5LokY1L5ecNQYZKfmyZ9L7wDHb/p5etKaxXhohBcrw0EYby+G/NA52vRSN4N39dxHAIwQ=="],

    "linkedom": ["linkedom@0.18.13", "https://registry.npmmirror.com/linkedom/-/linkedom-0.18.13.tgz", { "dependencies": { "css-select": "^7.0.0", "cssom": "^0.5.0", "html-escaper": "^3.0.3", "htmlparser2": "^10.1.0", "uhyphen": "^0.2.0" }, "peerDependencies": { "canvas": ">= 2" }, "optionalPeers": ["canvas"] }, "sha512-ES/o9qotMpzpN2MHs+Iq/JcVoOj8Fa5wiQYrTdFpvAnwXL0g66XHHUc9WUMk6nAlBtGsFQ24ne+SYnvnaQ2FSw=="],

    "listenercount": ["listenercount@1.0.1", "https://registry.npmmirror.com/listenercount/-/listenercount-1.0.1.tgz", {}, "sha512-3mk/Zag0+IJxeDrxSgaDPy4zZ3w05PRZeJNnlWhzFz5OkX49J4krc+A8X2d2M69vGMBEX0uyl8M+W+8gH+kBqQ=="],

    "lodash.defaults": ["lodash.defaults@4.2.0", "https://registry.npmmirror.com/lodash.defaults/-/lodash.defaults-4.2.0.tgz", {}, "sha512-qjxPLHd3r5DnsdGacqOMU6pb/avJzdh9tFX2ymgoZE27BmjXrNy/y4LoaiTeAb+O3gL8AfpJGtqfX/ae2leYYQ=="],

    "lodash.difference": ["lodash.difference@4.5.0", "https://registry.npmmirror.com/lodash.difference/-/lodash.difference-4.5.0.tgz", {}, "sha512-dS2j+W26TQ7taQBGN8Lbbq04ssV3emRw4NY58WErlTO29pIqS0HmoT5aJ9+TUQ1N3G+JOZSji4eugsWwGp9yPA=="],

    "lodash.escaperegexp": ["lodash.escaperegexp@4.1.2", "https://registry.npmmirror.com/lodash.escaperegexp/-/lodash.escaperegexp-4.1.2.tgz", {}, "sha512-TM9YBvyC84ZxE3rgfefxUWiQKLilstD6k7PTGt6wfbtXF8ixIJLOL3VYyV/z+ZiPLsVxAsKAFVwWlWeb2Y8Yyw=="],

    "lodash.flatten": ["lodash.flatten@4.4.0", "https://registry.npmmirror.com/lodash.flatten/-/lodash.flatten-4.4.0.tgz", {}, "sha512-C5N2Z3DgnnKr0LOpv/hKCgKdb7ZZwafIrsesve6lmzvZIRZRGaZ/l6Q8+2W7NaT+ZwO3fFlSCzCzrDCFdJfZ4g=="],

    "lodash.groupby": ["lodash.groupby@4.6.0", "https://registry.npmmirror.com/lodash.groupby/-/lodash.groupby-4.6.0.tgz", {}, "sha512-5dcWxm23+VAoz+awKmBaiBvzox8+RqMgFhi7UvX9DHZr2HdxHXM/Wrf8cfKpsW37RNrvtPn6hSwNqurSILbmJw=="],

    "lodash.isboolean": ["lodash.isboolean@3.0.3", "https://registry.npmmirror.com/lodash.isboolean/-/lodash.isboolean-3.0.3.tgz", {}, "sha512-Bz5mupy2SVbPHURB98VAcw+aHh4vRV5IPNhILUCsOzRmsTmSQ17jIuqopAentWoehktxGd9e/hbIXq980/1QJg=="],

    "lodash.isequal": ["lodash.isequal@4.5.0", "https://registry.npmmirror.com/lodash.isequal/-/lodash.isequal-4.5.0.tgz", {}, "sha512-pDo3lu8Jhfjqls6GkMgpahsF9kCyayhgykjyLMNFTKWrpVdAQtYyB4muAMWozBB4ig/dtWAmsMxLEI8wuz+DYQ=="],

    "lodash.isfunction": ["lodash.isfunction@3.0.9", "https://registry.npmmirror.com/lodash.isfunction/-/lodash.isfunction-3.0.9.tgz", {}, "sha512-AirXNj15uRIMMPihnkInB4i3NHeb4iBtNg9WRWuK2o31S+ePwwNmDPaTL3o7dTJ+VXNZim7rFs4rxN4YU1oUJw=="],

    "lodash.isnil": ["lodash.isnil@4.0.0", "https://registry.npmmirror.com/lodash.isnil/-/lodash.isnil-4.0.0.tgz", {}, "sha512-up2Mzq3545mwVnMhTDMdfoG1OurpA/s5t88JmQX809eH3C8491iu2sfKhTfhQtKY78oPNhiaHJUpT/dUDAAtng=="],

    "lodash.isplainobject": ["lodash.isplainobject@4.0.6", "https://registry.npmmirror.com/lodash.isplainobject/-/lodash.isplainobject-4.0.6.tgz", {}, "sha512-oSXzaWypCMHkPC3NvBEaPHf0KsA5mvPrOPgQWDsbg8n7orZ290M0BmC/jgRZ4vcJ6DTAhjrsSYgdsW/F+MFOBA=="],

    "lodash.isundefined": ["lodash.isundefined@3.0.1", "https://registry.npmmirror.com/lodash.isundefined/-/lodash.isundefined-3.0.1.tgz", {}, "sha512-MXB1is3s899/cD8jheYYE2V9qTHwKvt+npCwpD+1Sxm3Q3cECXCiYHjeHWXNwr6Q0SOBPrYUDxendrO6goVTEA=="],

    "lodash.union": ["lodash.union@4.6.0", "https://registry.npmmirror.com/lodash.union/-/lodash.union-4.6.0.tgz", {}, "sha512-c4pB2CdGrGdjMKYLA+XiRDO7Y0PRQbm/Gzg8qMj+QH+pFVAoTp5sBpO0odL3FjoPCGjK96p6qsP+yQoiLoOBcw=="],

    "lodash.uniq": ["lodash.uniq@4.5.0", "https://registry.npmmirror.com/lodash.uniq/-/lodash.uniq-4.5.0.tgz", {}, "sha512-xfBaXQd9ryd9dlSDvnvI0lvxfLJlYAZzXomUYzLKtUeOQvOP5piqAWuGtrhWeqaXK9hhoM/iyJc5AV+XfsX3HQ=="],

    "minimatch": ["minimatch@5.1.9", "https://registry.npmmirror.com/minimatch/-/minimatch-5.1.9.tgz", { "dependencies": { "brace-expansion": "^2.0.1" } }, "sha512-7o1wEA2RyMP7Iu7GNba9vc0RWWGACJOCZBJX2GJWip0ikV+wcOsgVuY9uE8CPiyQhkGFSlhuSkZPavN7u1c2Fw=="],

    "mkdirp": ["mkdirp@3.0.1", "https://registry.npmmirror.com/mkdirp/-/mkdirp-3.0.1.tgz", { "bin": { "mkdirp": "dist/cjs/src/bin.js" } }, "sha512-+NsyUUAZDmo6YVHzL/stxSu3t9YS1iljliy3BSDrXJ/dkn1KYdmtZODGGjLcc9XLgVVpH4KshHB8XmZgMhaBXg=="],

    "normalize-path": ["normalize-path@3.0.0", "https://registry.npmmirror.com/normalize-path/-/normalize-path-3.0.0.tgz", {}, "sha512-6eZs5Ls3WtCisHWp9S2GUy8dqkpGi4BVSz3GaqiE6ezub0512ESztXUwUB6C6IKbQkY2Pnb/mD4WYojCRwcwLA=="],

    "nth-check": ["nth-check@3.0.1", "https://registry.npmmirror.com/nth-check/-/nth-check-3.0.1.tgz", { "dependencies": { "boolbase": "^2.0.0" } }, "sha512-GX0gsdbGVCgnRgbeGaubfjpBXyYRWOOCVeYh08bSQvDZqxz5ndXs1OTfAt/h36G1xvI94YIspsI0sVFqAV9+RQ=="],

    "once": ["once@1.4.0", "https://registry.npmmirror.com/once/-/once-1.4.0.tgz", { "dependencies": { "wrappy": "1" } }, "sha512-lNaJgI+2Q5URQBkccEKHTQOPaXdUxnZZElQTZY0MFUAuaEqe1E+Nyvgdz/aIyNi6Z9MzO5dv1H8n58/GELp3+w=="],

    "pako": ["pako@1.0.11", "https://registry.npmmirror.com/pako/-/pako-1.0.11.tgz", {}, "sha512-4hLB8Py4zZce5s4yd9XzopqwVv/yGNhV1Bl8NTmCq1763HeK2+EwVTv+leGeL13Dnh2wfbqowVPXCIO0z4taYw=="],

    "path-is-absolute": ["path-is-absolute@1.0.1", "https://registry.npmmirror.com/path-is-absolute/-/path-is-absolute-1.0.1.tgz", {}, "sha512-AVbw3UJ2e9bq64vSaS9Am0fje1Pa8pbGqTTsmXfaIiMpnr5DlDhfJOuLj9Sf95ZPVDAUerDfEk88MPmPe7UCQg=="],

    "playwright": ["playwright@1.63.0", "https://registry.npmmirror.com/playwright/-/playwright-1.63.0.tgz", { "dependencies": { "playwright-core": "1.63.0" }, "bin": { "playwright": "cli.js" } }, "sha512-+7ziBLidS4NaNCdt57SUDT+wYmmd5fmiQejUic/kb+YsYSCPyOOE9sebzMjNmQrsnNpDJqd4WHvV/8lfKfUDUg=="],

    "playwright-core": ["playwright-core@1.63.0-alpha-2026-08-31", "https://registry.npmmirror.com/playwright-core/-/playwright-core-1.63.0-alpha-2026-08-31.tgz", { "bin": { "playwright-core": "cli.js" } }, "sha512-1ek0Lyr12h6jcs/WTcNoVtzZkQp7D/90PsMuBW/Rm6h3AsWAbzpqj0geMv8+8Tzzr9CSUYvg9kznrVZINQMXXw=="],

    "process-nextick-args": ["process-nextick-args@2.0.1", "https://registry.npmmirror.com/process-nextick-args/-/process-nextick-args-2.0.1.tgz", {}, "sha512-3ouUOpQhtgrbOa17J7+uxOTpITYWaGP7/AhoR3+A+/1e9skrzelGi/dXzEYyvbxubEF6Wn2ypscTKiKJFFn1ag=="],

    "readable-stream": ["readable-stream@3.6.2", "https://registry.npmmirror.com/readable-stream/-/readable-stream-3.6.2.tgz", { "dependencies": { "inherits": "^2.0.3", "string_decoder": "^1.1.1", "util-deprecate": "^1.0.1" } }, "sha512-9u/sniCrY3D5WdsERHzHE4G2YCXqoG5FTHUiCC4SIbr6XcLZBY05ya9EKjYek9O5xOAwjGq+1JdGBAS7Q9ScoA=="],

    "readdir-glob": ["readdir-glob@1.1.3", "https://registry.npmmirror.com/readdir-glob/-/readdir-glob-1.1.3.tgz", { "dependencies": { "minimatch": "^5.1.0" } }, "sha512-v05I2k7xN8zXvPD9N+z/uhXPaj0sUFCe2rcWZIpBsqxfP7xXFQ0tipAd/wjj1YxWyWtUS5IDJpOG82JKt2EAVA=="],

    "rimraf": ["rimraf@2.7.1", "https://registry.npmmirror.com/rimraf/-/rimraf-2.7.1.tgz", { "dependencies": { "glob": "^7.1.3" }, "bin": { "rimraf": "./bin.js" } }, "sha512-uWjbaKIK3T1OSVptzX7Nl6PvQ3qAGtKEtVRjRuazjfL3Bx5eI409VZSqgND+4UNnmzLVdPj9FqFJNPqBZFve4w=="],

    "safe-buffer": ["safe-buffer@5.1.2", "https://registry.npmmirror.com/safe-buffer/-/safe-buffer-5.1.2.tgz", {}, "sha512-Gd2UZBJDkXlY7GbJxfsE8/nvKkUEU1G38c1siN6QP6a9PT9MmHB8GnpscSmMJSoF8LOIrt8ud/wPtojys4G6+g=="],

    "saxes": ["saxes@5.0.1", "https://registry.npmmirror.com/saxes/-/saxes-5.0.1.tgz", { "dependencies": { "xmlchars": "^2.2.0" } }, "sha512-5LBh1Tls8c9xgGjw3QrMwETmTMVk0oFgvrFSvWx62llR2hcEInrKNZ2GZCCuuy2lvWrdl5jhbpeqc5hRYKFOcw=="],

    "setimmediate": ["setimmediate@1.0.5", "https://registry.npmmirror.com/setimmediate/-/setimmediate-1.0.5.tgz", {}, "sha512-MATJdZp8sLqDl/68LfQmbP8zKPLQNV6BIZoIgrscFDQ+RsvK/BxeDQOgyxKKoh0y/8h3BqVFnCqQ/gd+reiIXA=="],

    "smol-toml": ["smol-toml@1.8.0", "https://registry.npmmirror.com/smol-toml/-/smol-toml-1.8.0.tgz", {}, "sha512-kCZr2V3ch9i00x8zXRhjUNVcjG9ijES5dDudkXvUVCT5QlJNQWElSJdZqyPemffHoLNUYwOcou0Fy+ojN0uHSQ=="],

    "string_decoder": ["string_decoder@1.3.0", "https://registry.npmmirror.com/string_decoder/-/string_decoder-1.3.0.tgz", { "dependencies": { "safe-buffer": "~5.2.0" } }, "sha512-hkRX8U1WjJFd8LsDJ2yQ/wWWxaopEsABU1XfkM8A+j0+85JAGppt16cr1Whg6KIbb4okU6Mql6BOj+uup/wKeA=="],

    "tar-stream": ["tar-stream@2.2.0", "https://registry.npmmirror.com/tar-stream/-/tar-stream-2.2.0.tgz", { "dependencies": { "bl": "^4.0.3", "end-of-stream": "^1.4.1", "fs-constants": "^1.0.0", "inherits": "^2.0.3", "readable-stream": "^3.1.1" } }, "sha512-ujeqbceABgwMZxEJnk2HDY2DlnUZ+9oEcb1KzTVfYHio0UE6dG71n60d8D2I4qNvleWrrXpmjpt7vZeF1LnMZQ=="],

    "tmp": ["tmp@0.2.7", "https://registry.npmmirror.com/tmp/-/tmp-0.2.7.tgz", {}, "sha512-e0votIpp4Uo2AJYSzVHV6xCcawuiez3DzqDAbrTc3YxBkplN6e+dM13ZeIcZnDg/QpSuU2zfZ3rzwY8ukEnaXw=="],

    "traverse": ["traverse@0.3.9", "https://registry.npmmirror.com/traverse/-/traverse-0.3.9.tgz", {}, "sha512-iawgk0hLP3SxGKDfnDJf8wTz4p2qImnyihM5Hh/sGvQ3K37dPi/w8sRhdNIxYA1TwFwc5mDhIJq+O0RsvXBKdQ=="],

    "typescript": ["typescript@5.9.3", "https://registry.npmmirror.com/typescript/-/typescript-5.9.3.tgz", { "bin": { "tsc": "bin/tsc", "tsserver": "bin/tsserver" } }, "sha512-jl1vZzPDinLr9eUt3J/t7V6FgNEw9QjvBPdysz9KfQDD41fQrC2Y4vKQdiaUpFT4bXlb1RHhLpp8wtm6M5TgSw=="],

    "uhyphen": ["uhyphen@0.2.0", "https://registry.npmmirror.com/uhyphen/-/uhyphen-0.2.0.tgz", {}, "sha512-qz3o9CHXmJJPGBdqzab7qAYuW8kQGKNEuoHFYrBwV6hWIMcpAmxDLXojcHfFr9US1Pe6zUswEIJIbLI610fuqA=="],

    "undici-types": ["undici-types@8.3.0", "https://registry.npmmirror.com/undici-types/-/undici-types-8.3.0.tgz", {}, "sha512-j375ScV60dom+YkPFIfTLcOiPxkN/buHz5GobjLhixFuANaNs3C9l4GmrWqejgXWJ7BbJcFYpTEUkS1Ge8bpZQ=="],

    "unzipper": ["unzipper@0.10.14", "https://registry.npmmirror.com/unzipper/-/unzipper-0.10.14.tgz", { "dependencies": { "big-integer": "^1.6.17", "binary": "~0.3.0", "bluebird": "~3.4.1", "buffer-indexof-polyfill": "~1.0.0", "duplexer2": "~0.1.4", "fstream": "^1.0.12", "graceful-fs": "^4.2.2", "listenercount": "~1.0.1", "readable-stream": "~2.3.6", "setimmediate": "~1.0.4" } }, "sha512-ti4wZj+0bQTiX2KmKWuwj7lhV+2n//uXEotUmGuQqrbVZSEGFMbI68+c6JCQ8aAmUWYvtHEz2A8K6wXvueR/6g=="],

    "util-deprecate": ["util-deprecate@1.0.2", "https://registry.npmmirror.com/util-deprecate/-/util-deprecate-1.0.2.tgz", {}, "sha512-EPD5q1uXyFxJpCrLnCc1nHnq3gOa6DZBocAIiI2TaSCA7VCJ1UJDMagCzIkXNsUYfD1daK//LTEQ8xiIbrHtcw=="],

    "uuid": ["uuid@8.3.2", "https://registry.npmmirror.com/uuid/-/uuid-8.3.2.tgz", { "bin": { "uuid": "dist/bin/uuid" } }, "sha512-+NYs2QeMWy+GWFOEm9xnn6HCDp0l7QBD7ml8zLUmJ+93Q5NF0NocErnwkTkXVFNiX3/fpC6afS8Dhb/gz7R7eg=="],

    "whatwg-mimetype": ["whatwg-mimetype@3.0.0", "", {}, "sha512-nt+N2dzIutVRxARx1nghPKGv1xHikU7HKdfafKkLNLindmPU/ch3U31NOCGGA/dmPcmb1VlofO0vnKAcsm0o/Q=="],

    "wrappy": ["wrappy@1.0.2", "https://registry.npmmirror.com/wrappy/-/wrappy-1.0.2.tgz", {}, "sha512-l4Sp/DRseor9wL6EvV2+TuQn63dMkPjZ/sp9XkghTEbV9KlPS1xUsZ3u7/IQO4wxtcFB4bgpQPRcR3QCvezPcQ=="],

    "ws": ["ws@8.21.3", "", { "peerDependencies": { "bufferutil": "^4.0.1", "utf-8-validate": ">=5.0.2" }, "optionalPeers": ["bufferutil", "utf-8-validate"] }, "sha512-201TZ/kPWxoPr/OKWjquZR1SWKXcvxdH+e1xrx89b3YbmzLMFCLfnaG1HFIgWzJOEWZ7MvpK++odZufgYR50Rw=="],

    "xmlchars": ["xmlchars@2.2.0", "https://registry.npmmirror.com/xmlchars/-/xmlchars-2.2.0.tgz", {}, "sha512-JZnDKK8B0RCDw84FNdDAIpZK+JuJw+s7Lz8nksI7SIuU3UXJJslUthsi+uWBUYOwPFwW7W7PRLRfUKpxjtjFCw=="],

    "zip-stream": ["zip-stream@4.1.1", "https://registry.npmmirror.com/zip-stream/-/zip-stream-4.1.1.tgz", { "dependencies": { "archiver-utils": "^3.0.4", "compress-commons": "^4.1.2", "readable-stream": "^3.6.0" } }, "sha512-9qv4rlDiopXg4E69k+vMHjNN63YFMe9sZMrdlvKnCjlCRWeCBswPPMPUfx+ipsAWq1LXHe70RcbaHdJJpS6hyQ=="],

    "@fast-csv/format/@types/node": ["@types/node@14.18.63", "https://registry.npmmirror.com/@types/node/-/node-14.18.63.tgz", {}, "sha512-fAtCfv4jJg+ExtXhvCkCqUKZ+4ok/JQk01qDKhL5BDDoS3AxKXhV5/MAVUZyQnSEd2GT92fkgZl0pz0Q0AzcIQ=="],

    "@fast-csv/parse/@types/node": ["@types/node@14.18.63", "https://registry.npmmirror.com/@types/node/-/node-14.18.63.tgz", {}, "sha512-fAtCfv4jJg+ExtXhvCkCqUKZ+4ok/JQk01qDKhL5BDDoS3AxKXhV5/MAVUZyQnSEd2GT92fkgZl0pz0Q0AzcIQ=="],

    "@playwright/mcp/playwright": ["playwright@1.63.0-alpha-2026-08-31", "https://registry.npmmirror.com/playwright/-/playwright-1.63.0-alpha-2026-08-31.tgz", { "dependencies": { "playwright-core": "1.63.0-alpha-2026-08-31" }, "bin": { "playwright": "cli.js" } }, "sha512-3XAsuznfu8jBVJ4QxdGvBkt0+b8ZFwuwJYyOfiIw5ZjUOrNLNRhKxzLzLuydou3gJ9c6eMwVqgzdiOwhy54Kzw=="],

    "archiver-utils/readable-stream": ["readable-stream@2.3.8", "https://registry.npmmirror.com/readable-stream/-/readable-stream-2.3.8.tgz", { "dependencies": { "core-util-is": "~1.0.0", "inherits": "~2.0.3", "isarray": "~1.0.0", "process-nextick-args": "~2.0.0", "safe-buffer": "~5.1.1", "string_decoder": "~1.1.1", "util-deprecate": "~1.0.1" } }, "sha512-8p0AUk4XODgIewSi0l8Epjs+EVnWiK7NoDIEGU0HhE7+ZyY8D1IMY7odu5lRrFXGg71L15KG8QrPmum45RTtdA=="],

    "dom-serializer/domelementtype": ["domelementtype@3.0.0", "https://registry.npmmirror.com/domelementtype/-/domelementtype-3.0.0.tgz", {}, "sha512-umCQid3jKbDmVjx8jGaW7uUykm4DEUeyV21hPxNMo2nV955DhUThwqyOIDtreepP31hl84X7G5U9ZfsWvIB3Pg=="],

    "dom-serializer/entities": ["entities@8.0.0", "https://registry.npmmirror.com/entities/-/entities-8.0.0.tgz", {}, "sha512-zwfzJecQ/Uej6tusMqwAqU/6KL2XaB2VZ2Jg54Je6ahNBGNH6Ek6g3jjNCF0fG9EWQKGZNddNjU5F1ZQn/sBnA=="],

    "domhandler/domelementtype": ["domelementtype@3.0.0", "https://registry.npmmirror.com/domelementtype/-/domelementtype-3.0.0.tgz", {}, "sha512-umCQid3jKbDmVjx8jGaW7uUykm4DEUeyV21hPxNMo2nV955DhUThwqyOIDtreepP31hl84X7G5U9ZfsWvIB3Pg=="],

    "domutils/domelementtype": ["domelementtype@3.0.0", "https://registry.npmmirror.com/domelementtype/-/domelementtype-3.0.0.tgz", {}, "sha512-umCQid3jKbDmVjx8jGaW7uUykm4DEUeyV21hPxNMo2nV955DhUThwqyOIDtreepP31hl84X7G5U9ZfsWvIB3Pg=="],

    "duplexer2/readable-stream": ["readable-stream@2.3.8", "https://registry.npmmirror.com/readable-stream/-/readable-stream-2.3.8.tgz", { "dependencies": { "core-util-is": "~1.0.0", "inherits": "~2.0.3", "isarray": "~1.0.0", "process-nextick-args": "~2.0.0", "safe-buffer": "~5.1.1", "string_decoder": "~1.1.1", "util-deprecate": "~1.0.1" } }, "sha512-8p0AUk4XODgIewSi0l8Epjs+EVnWiK7NoDIEGU0HhE7+ZyY8D1IMY7odu5lRrFXGg71L15KG8QrPmum45RTtdA=="],

    "glob/minimatch": ["minimatch@3.1.5", "https://registry.npmmirror.com/minimatch/-/minimatch-3.1.5.tgz", { "dependencies": { "brace-expansion": "^1.1.7" } }, "sha512-VgjWUsnnT6n+NUk6eZq77zeFdpW2LWDzP6zFGrCbHXiYNul5Dzqk2HHQ5uFH2DNW5Xbp8+jVzaeNt94ssEEl4w=="],

    "htmlparser2/domhandler": ["domhandler@5.0.3", "https://registry.npmmirror.com/domhandler/-/domhandler-5.0.3.tgz", { "dependencies": { "domelementtype": "^2.3.0" } }, "sha512-cgwlv/1iFQiFnU96XXgROh8xTeetsnJiDsTc7TYCLFd9+/WNkIqPTxiM/8pSd8VIrhXGTf1Ny1q1hquVqDJB5w=="],

    "htmlparser2/domutils": ["domutils@3.2.2", "https://registry.npmmirror.com/domutils/-/domutils-3.2.2.tgz", { "dependencies": { "dom-serializer": "^2.0.0", "domelementtype": "^2.3.0", "domhandler": "^5.0.3" } }, "sha512-6kZKyUajlDuqlHKVX1w7gyslj9MPIXzIFiz/rGu35uC1wMi+kMhQwGhl4lt9unC9Vb9INnY9Z3/ZA3+FhASLaw=="],

    "jszip/readable-stream": ["readable-stream@2.3.8", "https://registry.npmmirror.com/readable-stream/-/readable-stream-2.3.8.tgz", { "dependencies": { "core-util-is": "~1.0.0", "inherits": "~2.0.3", "isarray": "~1.0.0", "process-nextick-args": "~2.0.0", "safe-buffer": "~5.1.1", "string_decoder": "~1.1.1", "util-deprecate": "~1.0.1" } }, "sha512-8p0AUk4XODgIewSi0l8Epjs+EVnWiK7NoDIEGU0HhE7+ZyY8D1IMY7odu5lRrFXGg71L15KG8QrPmum45RTtdA=="],

    "lazystream/readable-stream": ["readable-stream@2.3.8", "https://registry.npmmirror.com/readable-stream/-/readable-stream-2.3.8.tgz", { "dependencies": { "core-util-is": "~1.0.0", "inherits": "~2.0.3", "isarray": "~1.0.0", "process-nextick-args": "~2.0.0", "safe-buffer": "~5.1.1", "string_decoder": "~1.1.1", "util-deprecate": "~1.0.1" } }, "sha512-8p0AUk4XODgIewSi0l8Epjs+EVnWiK7NoDIEGU0HhE7+ZyY8D1IMY7odu5lRrFXGg71L15KG8QrPmum45RTtdA=="],

    "playwright/playwright-core": ["playwright-core@1.63.0", "https://registry.npmmirror.com/playwright-core/-/playwright-core-1.63.0.tgz", { "bin": { "playwright-core": "cli.js" } }, "sha512-rYCsBF/M5HjUch52bbtVONEFjv6Xu8sm8h72dNlR5bzIE1fvC/bxgspzkjSfU+MweEMmPM8KJebG6nnyxo5mCg=="],

    "string_decoder/safe-buffer": ["safe-buffer@5.2.1", "https://registry.npmmirror.com/safe-buffer/-/safe-buffer-5.2.1.tgz", {}, "sha512-rp3So07KcdmmKbGvgaNxQSJr7bGVSVk5S9Eq1F+ppbRo70+YeaDxkw5Dd8NPN+GD6bjnYm2VuPuCXmpuYvmCXQ=="],

    "unzipper/readable-stream": ["readable-stream@2.3.8", "https://registry.npmmirror.com/readable-stream/-/readable-stream-2.3.8.tgz", { "dependencies": { "core-util-is": "~1.0.0", "inherits": "~2.0.3", "isarray": "~1.0.0", "process-nextick-args": "~2.0.0", "safe-buffer": "~5.1.1", "string_decoder": "~1.1.1", "util-deprecate": "~1.0.1" } }, "sha512-8p0AUk4XODgIewSi0l8Epjs+EVnWiK7NoDIEGU0HhE7+ZyY8D1IMY7odu5lRrFXGg71L15KG8QrPmum45RTtdA=="],

    "zip-stream/archiver-utils": ["archiver-utils@3.0.4", "https://registry.npmmirror.com/archiver-utils/-/archiver-utils-3.0.4.tgz", { "dependencies": { "glob": "^7.2.3", "graceful-fs": "^4.2.0", "lazystream": "^1.0.0", "lodash.defaults": "^4.2.0", "lodash.difference": "^4.5.0", "lodash.flatten": "^4.4.0", "lodash.isplainobject": "^4.0.6", "lodash.union": "^4.6.0", "normalize-path": "^3.0.0", "readable-stream": "^3.6.0" } }, "sha512-KVgf4XQVrTjhyWmx6cte4RxonPLR9onExufI1jhvw/MQ4BB6IsZD5gT8Lq+u/+pRkWna/6JoHpiQioaqFP5Rzw=="],

    "archiver-utils/readable-stream/string_decoder": ["string_decoder@1.1.1", "https://registry.npmmirror.com/string_decoder/-/string_decoder-1.1.1.tgz", { "dependencies": { "safe-buffer": "~5.1.0" } }, "sha512-n/ShnvDi6FHbbVfviro+WojiFzv+s8MPMHBczVePfUpDJLwoLT0ht1l4YwBCbi8pJAveEEdnkHyPyTP/mzRfwg=="],

    "duplexer2/readable-stream/string_decoder": ["string_decoder@1.1.1", "https://registry.npmmirror.com/string_decoder/-/string_decoder-1.1.1.tgz", { "dependencies": { "safe-buffer": "~5.1.0" } }, "sha512-n/ShnvDi6FHbbVfviro+WojiFzv+s8MPMHBczVePfUpDJLwoLT0ht1l4YwBCbi8pJAveEEdnkHyPyTP/mzRfwg=="],

    "glob/minimatch/brace-expansion": ["brace-expansion@1.1.21", "https://registry.npmmirror.com/brace-expansion/-/brace-expansion-1.1.21.tgz", { "dependencies": { "balanced-match": "^1.0.0", "concat-map": "0.0.1" } }, "sha512-9zeA+KLZNNzglF2TPKRQEDyx6Yby7daAkuy8MiPzpXPsYDWi/DRM8jmwUDxokQjYqBpv5DgPiwD4h4ZZSy1Ujw=="],

    "htmlparser2/domutils/dom-serializer": ["dom-serializer@2.0.0", "https://registry.npmmirror.com/dom-serializer/-/dom-serializer-2.0.0.tgz", { "dependencies": { "domelementtype": "^2.3.0", "domhandler": "^5.0.2", "entities": "^4.2.0" } }, "sha512-wIkAryiqt/nV5EQKqQpo3SToSOV9J0DnbJqwK7Wv/Trc92zIAYZ4FlMu+JPFW1DfGFt81ZTCGgDEabffXeLyJg=="],

    "jszip/readable-stream/string_decoder": ["string_decoder@1.1.1", "https://registry.npmmirror.com/string_decoder/-/string_decoder-1.1.1.tgz", { "dependencies": { "safe-buffer": "~5.1.0" } }, "sha512-n/ShnvDi6FHbbVfviro+WojiFzv+s8MPMHBczVePfUpDJLwoLT0ht1l4YwBCbi8pJAveEEdnkHyPyTP/mzRfwg=="],

    "lazystream/readable-stream/string_decoder": ["string_decoder@1.1.1", "https://registry.npmmirror.com/string_decoder/-/string_decoder-1.1.1.tgz", { "dependencies": { "safe-buffer": "~5.1.0" } }, "sha512-n/ShnvDi6FHbbVfviro+WojiFzv+s8MPMHBczVePfUpDJLwoLT0ht1l4YwBCbi8pJAveEEdnkHyPyTP/mzRfwg=="],

    "unzipper/readable-stream/string_decoder": ["string_decoder@1.1.1", "https://registry.npmmirror.com/string_decoder/-/string_decoder-1.1.1.tgz", { "dependencies": { "safe-buffer": "~5.1.0" } }, "sha512-n/ShnvDi6FHbbVfviro+WojiFzv+s8MPMHBczVePfUpDJLwoLT0ht1l4YwBCbi8pJAveEEdnkHyPyTP/mzRfwg=="],

    "htmlparser2/domutils/dom-serializer/entities": ["entities@4.5.0", "https://registry.npmmirror.com/entities/-/entities-4.5.0.tgz", {}, "sha512-V0hjH4dGPh9Ao5p0MoRY6BVqtwCjhz6vI5LT8AJ55H+4g9/4vbHx1I54fS0XuclLhDHArPQCiMjDxjaL8fPxhw=="],
  }
}
